
Microsoft Visual Studio Solution File, Format Version 12.00
# Visual Studio Version 17
VisualStudioVersion = 17.9.34728.123
MinimumVisualStudioVersion = 10.0.40219.1
Project("{9A19103F-16F7-4668-BE54-9A1E7A4F7556}") = "PrimeiroAppBlazor.API", "PrimeiroAppBlazor.API\PrimeiroAppBlazor.API.csproj", "{5DC790D5-9CEE-4058-BF61-1DD2CF1B957A}"
EndProject
Project("{9A19103F-16F7-4668-BE54-9A1E7A4F7556}") = "PrimeiroAppBlazor.Client", "PrimeiroAppBlazor.Client\PrimeiroAppBlazor.Client.csproj", "{B813E5A4-E4B4-4BC6-A9AA-D5E799FB75CD}"
EndProject
Project("{9A19103F-16F7-4668-BE54-9A1E7A4F7556}") = "PrimeiroAppBlazor.Library", "PrimeiroAppBlazor.Library\PrimeiroAppBlazor.Library.csproj", "{F7641908-C748-4DEB-B0DD-3A2D88A996C1}"
EndProject
Global
	GlobalSection(SolutionConfigurationPlatforms) = preSolution
		Debug|Any CPU = Debug|Any CPU
		Release|Any CPU = Release|Any CPU
	EndGlobalSection
	GlobalSection(ProjectConfigurationPlatforms) = postSolution
		{5DC790D5-9CEE-4058-BF61-1DD2CF1B957A}.Debug|Any CPU.ActiveCfg = Debug|Any CPU
		{5DC790D5-9CEE-4058-BF61-1DD2CF1B957A}.Debug|Any CPU.Build.0 = Debug|Any CPU
		{5DC790D5-9CEE-4058-BF61-1DD2CF1B957A}.Release|Any CPU.ActiveCfg = Release|Any CPU
		{5DC790D5-9CEE-4058-BF61-1DD2CF1B957A}.Release|Any CPU.Build.0 = Release|Any CPU
		{B813E5A4-E4B4-4BC6-A9AA-D5E799FB75CD}.Debug|Any CPU.ActiveCfg = Debug|Any CPU
		{B813E5A4-E4B4-4BC6-A9AA-D5E799FB75CD}.Debug|Any CPU.Build.0 = Debug|Any CPU
		{B813E5A4-E4B4-4BC6-A9AA-D5E799FB75CD}.Release|Any CPU.ActiveCfg = Release|Any CPU
		{B813E5A4-E4B4-4BC6-A9AA-D5E799FB75CD}.Release|Any CPU.Build.0 = Release|Any CPU
		{F7641908-C748-4DEB-B0DD-3A2D88A996C1}.Debug|Any CPU.ActiveCfg = Debug|Any CPU
		{F7641908-C748-4DEB-B0DD-3A2D88A996C1}.Debug|Any CPU.Build.0 = Debug|Any CPU
		{F7641908-C748-4DEB-B0DD-3A2D88A996C1}.Release|Any CPU.ActiveCfg = Release|Any CPU
		{F7641908-C748-4DEB-B0DD-3A2D88A996C1}.Release|Any CPU.Build.0 = Release|Any CPU
	EndGlobalSection
	GlobalSection(SolutionProperties) = preSolution
		HideSolutionNode = FALSE
	EndGlobalSection
	GlobalSection(ExtensibilityGlobals) = postSolution
		SolutionGuid = {479A35AB-C082-4463-B590-D4D7AF0BC58A}
	EndGlobalSection
EndGlobal
